
Microsoft Visual Studio Solution File, Format Version 12.00
# Visual Studio Version 17
VisualStudioVersion = 17.5.002.0
MinimumVisualStudioVersion = 10.0.40219.1
Project("{9A19103F-16F7-4668-BE54-9A1E7A4F7556}") = "Atividade", "Atividade.csproj", "{ADCD0A86-AED4-4325-9875-542D4625999B}"
EndProject
Global
	GlobalSection(SolutionConfigurationPlatforms) = preSolution
		Debug|Any CPU = Debug|Any CPU
		Release|Any CPU = Release|Any CPU
	EndGlobalSection
	GlobalSection(ProjectConfigurationPlatforms) = postSolution
		{ADCD0A86-AED4-4325-9875-542D4625999B}.Debug|Any CPU.ActiveCfg = Debug|Any CPU
		{ADCD0A86-AED4-4325-9875-542D4625999B}.Debug|Any CPU.Build.0 = Debug|Any CPU
		{ADCD0A86-AED4-4325-9875-542D4625999B}.Release|Any CPU.ActiveCfg = Release|Any CPU
		{ADCD0A86-AED4-4325-9875-542D4625999B}.Release|Any CPU.Build.0 = Release|Any CPU
	EndGlobalSection
	GlobalSection(SolutionProperties) = preSolution
		HideSolutionNode = FALSE
	EndGlobalSection
	GlobalSection(ExtensibilityGlobals) = postSolution
		SolutionGuid = {A5656B7C-CA44-4FAA-9D16-3936A6083428}
	EndGlobalSection
EndGlobal
